<?xml version="1.0" encoding="utf-8"?>
<Project ToolsVersion="4.0" xmlns="http://schemas.microsoft.com/developer/msbuild/2003">
  <ItemGroup>
    <Filter Include="Source Files">
      <UniqueIdentifier>{4FC737F1-C7A5-4376-A066-2A32D752A2FF}</UniqueIdentifier>
      <Extensions>cpp;c;cc;cxx;def;odl;idl;hpj;bat;asm;asmx</Extensions>
    </Filter>
    <Filter Include="Header Files">
      <UniqueIdentifier>{93995380-89BD-4b04-88EB-625FBE52EBFB}</UniqueIdentifier>
      <Extensions>h;hh;hpp;hxx;hm;inl;inc;ipp;xsd</Extensions>
    </Filter>
    <Filter Include="Resource Files">
      <UniqueIdentifier>{67DA6AB6-F800-4c08-8B7A-83BB121AAD01}</UniqueIdentifier>
      <Extensions>rc;ico;cur;bmp;dlg;rc2;rct;bin;rgs;gif;jpg;jpeg;jpe;resx;tiff;tif;png;wav;mfcribbon-ms</Extensions>
    </Filter>
  </ItemGroup>
  <ItemGroup>
    <ClInclude Include="stdafx.h">
      <Filter>Header Files</Filter>
    </ClInclude>
    <ClInclude Include="targetver.h">
      <Filter>Header Files</Filter>
    </ClInclude>
  </ItemGroup>
  <ItemGroup>
    <ClCompile Include="stdafx.cpp">
      <Filter>Source Files</Filter>
    </ClCompile>
    <ClCompile Include="UE4_Pong.cpp">
      <Filter>Source Files</Filter>
    </ClCompile>
  </ItemGroup>
  <ItemGroup>
    <None Include="UE4_Pong\Intermediate\AssetRegistryCache\0db2bfa9.bin">
      <Filter>Resource Files</Filter>
    </None>
    <None Include="UE4_Pong\Intermediate\AssetRegistryCache\1f683343.bin">
      <Filter>Resource Files</Filter>
    </None>
    <None Include="UE4_Pong\Intermediate\AssetRegistryCache\2657c409.bin">
      <Filter>Resource Files</Filter>
    </None>
    <None Include="UE4_Pong\Intermediate\AssetRegistryCache\266574c4.bin">
      <Filter>Resource Files</Filter>
    </None>
    <None Include="UE4_Pong\Intermediate\AssetRegistryCache\2f5244c7.bin">
      <Filter>Resource Files</Filter>
    </None>
    <None Include="UE4_Pong\Intermediate\AssetRegistryCache\311563bb.bin">
      <Filter>Resource Files</Filter>
    </None>
    <None Include="UE4_Pong\Intermediate\AssetRegistryCache\52ed2538.bin">
      <Filter>Resource Files</Filter>
    </None>
    <None Include="UE4_Pong\Intermediate\AssetRegistryCache\7c5240f2.bin">
      <Filter>Resource Files</Filter>
    </None>
    <None Include="UE4_Pong\Intermediate\AssetRegistryCache\866581fd.bin">
      <Filter>Resource Files</Filter>
    </None>
    <None Include="UE4_Pong\Intermediate\AssetRegistryCache\8c0e1344.bin">
      <Filter>Resource Files</Filter>
    </None>
    <None Include="UE4_Pong\Intermediate\AssetRegistryCache\aff1c699.bin">
      <Filter>Resource Files</Filter>
    </None>
    <None Include="UE4_Pong\Intermediate\AssetRegistryCache\c90e3f55.bin">
      <Filter>Resource Files</Filter>
    </None>
    <None Include="UE4_Pong\Intermediate\AssetRegistryCache\e2765583.bin">
      <Filter>Resource Files</Filter>
    </None>
    <None Include="UE4_Pong\Intermediate\AssetRegistryCache\e8c2d44a.bin">
      <Filter>Resource Files</Filter>
    </None>
    <None Include="UE4_Pong\Intermediate\AssetRegistryCache\f0d5030c.bin">
      <Filter>Resource Files</Filter>
    </None>
    <None Include="UE4_Pong\Intermediate\AssetRegistryCache\f66358aa.bin">
      <Filter>Resource Files</Filter>
    </None>
    <None Include="UE4_Pong\Intermediate\CachedAssetRegistry.bin">
      <Filter>Resource Files</Filter>
    </None>
    <None Include="UE4_Pong\Intermediate\ReimportCache\3688439234.bin">
      <Filter>Resource Files</Filter>
    </None>
  </ItemGroup>
</Project>